
Microsoft Visual Studio Solution File, Format Version 12.00
# Visual Studio 15
VisualStudioVersion = 15.0.27428.2002
MinimumVisualStudioVersion = 10.0.40219.1
Project("{FAE04EC0-301F-11D3-BF4B-00C04F79EFBC}") = "Tanenbaum_4_48", "Tanenbaum_4_48\Tanenbaum_4_48.csproj", "{760709DE-AC4B-4E1D-871B-9F45DF3DDA0F}"
EndProject
Global
	GlobalSection(SolutionConfigurationPlatforms) = preSolution
		Debug|Any CPU = Debug|Any CPU
		Release|Any CPU = Release|Any CPU
	EndGlobalSection
	GlobalSection(ProjectConfigurationPlatforms) = postSolution
		{760709DE-AC4B-4E1D-871B-9F45DF3DDA0F}.Debug|Any CPU.ActiveCfg = Debug|Any CPU
		{760709DE-AC4B-4E1D-871B-9F45DF3DDA0F}.Debug|Any CPU.Build.0 = Debug|Any CPU
		{760709DE-AC4B-4E1D-871B-9F45DF3DDA0F}.Release|Any CPU.ActiveCfg = Release|Any CPU
		{760709DE-AC4B-4E1D-871B-9F45DF3DDA0F}.Release|Any CPU.Build.0 = Release|Any CPU
	EndGlobalSection
	GlobalSection(SolutionProperties) = preSolution
		HideSolutionNode = FALSE
	EndGlobalSection
	GlobalSection(ExtensibilityGlobals) = postSolution
		SolutionGuid = {D1E7D58F-FBB3-47EE-BCFC-31F4DB1EB061}
	EndGlobalSection
EndGlobal
